
Microsoft Visual Studio Solution File, Format Version 12.00
# Visual Studio Version 16
VisualStudioVersion = 16.0.29728.190
MinimumVisualStudioVersion = 10.0.40219.1
Project("{8BC9CEB8-8B4A-11D0-8D11-00A0C91BC942}") = "SlicesMVP", "SlicesMVP.vcxproj", "{972B8B61-9964-4A35-BBA6-0D4C58A823DC}"
EndProject
Global
	GlobalSection(SolutionConfigurationPlatforms) = preSolution
		Debug|x64 = Debug|x64
		Release|x64 = Release|x64
	EndGlobalSection
	GlobalSection(ProjectConfigurationPlatforms) = postSolution
		{972B8B61-9964-4A35-BBA6-0D4C58A823DC}.Debug|x64.ActiveCfg = Debug|x64
		{972B8B61-9964-4A35-BBA6-0D4C58A823DC}.Debug|x64.Build.0 = Debug|x64
		{972B8B61-9964-4A35-BBA6-0D4C58A823DC}.Release|x64.ActiveCfg = Release|x64
		{972B8B61-9964-4A35-BBA6-0D4C58A823DC}.Release|x64.Build.0 = Release|x64
	EndGlobalSection
	GlobalSection(SolutionProperties) = preSolution
		HideSolutionNode = FALSE
	EndGlobalSection
	GlobalSection(ExtensibilityGlobals) = postSolution
		SolutionGuid = {DA806939-B6B1-46BA-BAF7-161D35329A3B}
	EndGlobalSection
EndGlobal
